
Microsoft Visual Studio Solution File, Format Version 12.00
# Visual Studio Version 17
VisualStudioVersion = 17.0.31903.59
MinimumVisualStudioVersion = 10.0.40219.1
Project("{FAE04EC0-301F-11D3-BF4B-00C04F79EFBC}") = "TemplateMod", "TemplateMod\TemplateMod.csproj", "{CFF2C95F-438C-46B1-AECB-C559B66CB60D}"
EndProject
Project("{FAE04EC0-301F-11D3-BF4B-00C04F79EFBC}") = "TeamCatalyst.TemplateLib", "TeamCatalyst.TemplateLib\TeamCatalyst.TemplateLib.csproj", "{020890C2-0521-4E02-8705-07C4D8FDCBF3}"
EndProject
Global
	GlobalSection(SolutionConfigurationPlatforms) = preSolution
		Debug|Any CPU = Debug|Any CPU
		Release|Any CPU = Release|Any CPU
	EndGlobalSection
	GlobalSection(SolutionProperties) = preSolution
		HideSolutionNode = FALSE
	EndGlobalSection
	GlobalSection(ProjectConfigurationPlatforms) = postSolution
		{9076be98-55ff-4d10-8de8-50097da65e23}.Debug|Any CPU.ActiveCfg = Debug|Any CPU
		{9076be98-55ff-4d10-8de8-50097da65e23}.Debug|Any CPU.Build.0 = Debug|Any CPU
		{9076be98-55ff-4d10-8de8-50097da65e23}.Release|Any CPU.ActiveCfg = Release|Any CPU
		{9076be98-55ff-4d10-8de8-50097da65e23}.Release|Any CPU.Build.0 = Release|Any CPU
		{32495e4e-690a-4d69-b451-4a953541f79d}.Debug|Any CPU.ActiveCfg = Debug|Any CPU
		{32495e4e-690a-4d69-b451-4a953541f79d}.Debug|Any CPU.Build.0 = Debug|Any CPU
		{32495e4e-690a-4d69-b451-4a953541f79d}.Release|Any CPU.ActiveCfg = Release|Any CPU
		{32495e4e-690a-4d69-b451-4a953541f79d}.Release|Any CPU.Build.0 = Release|Any CPU
		{CFF2C95F-438C-46B1-AECB-C559B66CB60D}.Debug|Any CPU.ActiveCfg = Debug|Any CPU
		{CFF2C95F-438C-46B1-AECB-C559B66CB60D}.Debug|Any CPU.Build.0 = Debug|Any CPU
		{CFF2C95F-438C-46B1-AECB-C559B66CB60D}.Release|Any CPU.ActiveCfg = Release|Any CPU
		{CFF2C95F-438C-46B1-AECB-C559B66CB60D}.Release|Any CPU.Build.0 = Release|Any CPU
		{020890C2-0521-4E02-8705-07C4D8FDCBF3}.Debug|Any CPU.ActiveCfg = Debug|Any CPU
		{020890C2-0521-4E02-8705-07C4D8FDCBF3}.Debug|Any CPU.Build.0 = Debug|Any CPU
		{020890C2-0521-4E02-8705-07C4D8FDCBF3}.Release|Any CPU.ActiveCfg = Release|Any CPU
		{020890C2-0521-4E02-8705-07C4D8FDCBF3}.Release|Any CPU.Build.0 = Release|Any CPU
	EndGlobalSection
EndGlobal
